
Microsoft Visual Studio Solution File, Format Version 11.00
# Visual Studio 2010
Project("{FAE04EC0-301F-11D3-BF4B-00C04F79EFBC}") = "Yandex.Direct", "Yandex.Direct\Yandex.Direct.csproj", "{13822D53-7377-42D0-BC23-E7102146BB9A}"
EndProject
Project("{2150E333-8FDC-42A3-9474-1A3956D46DE8}") = "Testing", "Testing", "{D371B858-9E56-4E7A-8D9B-9402BC2D6FBD}"
	ProjectSection(SolutionItems) = preProject
		Local.testsettings = Local.testsettings
		TraceAndTestImpact.testsettings = TraceAndTestImpact.testsettings
		Yandex.Direct.vsmdi = Yandex.Direct.vsmdi
	EndProjectSection
EndProject
Project("{FAE04EC0-301F-11D3-BF4B-00C04F79EFBC}") = "Yandex.Direct.Tests", "Yandex.Direct.Tests\Yandex.Direct.Tests.csproj", "{60FEED85-FA4C-4D66-89B9-0C45A9A589B6}"
EndProject
Project("{2150E333-8FDC-42A3-9474-1A3956D46DE8}") = "Build", "Build", "{838E5CB0-654B-49F5-8569-D77EC6CC150F}"
	ProjectSection(SolutionItems) = preProject
		BuildPackage.proj = BuildPackage.proj
		README.md = README.md
		Yandex.Direct.nuspec = Yandex.Direct.nuspec
	EndProjectSection
EndProject
Global
	GlobalSection(TestCaseManagementSettings) = postSolution
		CategoryFile = Yandex.Direct.vsmdi
	EndGlobalSection
	GlobalSection(SolutionConfigurationPlatforms) = preSolution
		Debug|Any CPU = Debug|Any CPU
		Release|Any CPU = Release|Any CPU
	EndGlobalSection
	GlobalSection(ProjectConfigurationPlatforms) = postSolution
		{13822D53-7377-42D0-BC23-E7102146BB9A}.Debug|Any CPU.ActiveCfg = Debug|Any CPU
		{13822D53-7377-42D0-BC23-E7102146BB9A}.Debug|Any CPU.Build.0 = Debug|Any CPU
		{13822D53-7377-42D0-BC23-E7102146BB9A}.Release|Any CPU.ActiveCfg = Release|Any CPU
		{13822D53-7377-42D0-BC23-E7102146BB9A}.Release|Any CPU.Build.0 = Release|Any CPU
		{60FEED85-FA4C-4D66-89B9-0C45A9A589B6}.Debug|Any CPU.ActiveCfg = Debug|Any CPU
		{60FEED85-FA4C-4D66-89B9-0C45A9A589B6}.Debug|Any CPU.Build.0 = Debug|Any CPU
		{60FEED85-FA4C-4D66-89B9-0C45A9A589B6}.Release|Any CPU.ActiveCfg = Release|Any CPU
		{60FEED85-FA4C-4D66-89B9-0C45A9A589B6}.Release|Any CPU.Build.0 = Release|Any CPU
	EndGlobalSection
	GlobalSection(SolutionProperties) = preSolution
		HideSolutionNode = FALSE
	EndGlobalSection
EndGlobal
